
Microsoft Visual Studio Solution File, Format Version 12.00
# Visual Studio 14
VisualStudioVersion = 14.0.25420.1
MinimumVisualStudioVersion = 10.0.40219.1
Project("{8BC9CEB8-8B4A-11D0-8D11-00A0C91BC942}") = "CppTest", "CppTest\CppTest.vcxproj", "{96C971AB-418F-477D-A253-8C80D91F2D18}"
EndProject
Project("{8BC9CEB8-8B4A-11D0-8D11-00A0C91BC942}") = "hookdll", "hookdll\hookdll.vcxproj", "{895CE3E3-F547-4287-BD3B-903986A52A5F}"
EndProject
Project("{8BC9CEB8-8B4A-11D0-8D11-00A0C91BC942}") = "Win32Project", "Win32Project\Win32Project.vcxproj", "{2BB0BE68-76A3-472B-841D-9B4B2AC2523E}"
EndProject
Project("{8BC9CEB8-8B4A-11D0-8D11-00A0C91BC942}") = "Win32ProjectNull", "Win32ProjectNull\Win32ProjectNull.vcxproj", "{4D1BFF4D-D55A-4478-89C9-758563AEDFC9}"
EndProject
Project("{8BC9CEB8-8B4A-11D0-8D11-00A0C91BC942}") = "C11Test", "C11Test\C11Test.vcxproj", "{8058BDCA-E131-4C59-B359-C0F5AEA1D34C}"
EndProject
Project("{8BC9CEB8-8B4A-11D0-8D11-00A0C91BC942}") = "threadpool", "threadpool\threadpool.vcxproj", "{C9C887B5-321C-4510-A51C-D5F18A8A652C}"
EndProject
Project("{8BC9CEB8-8B4A-11D0-8D11-00A0C91BC942}") = "FontTest", "FontTest\FontTest.vcxproj", "{978592A7-3BBA-414E-A099-80ADB719FA29}"
EndProject
Project("{8BC9CEB8-8B4A-11D0-8D11-00A0C91BC942}") = "AnyFont", "AnyFont\AnyFont.vcxproj", "{AFD0DA77-B8E5-4033-AF2B-21106F8CB08B}"
EndProject
Project("{8BC9CEB8-8B4A-11D0-8D11-00A0C91BC942}") = "KMDF Driver2", "KMDF Driver2\KMDF Driver2.vcxproj", "{23AB91B3-3B5C-4E02-BF99-EF277989D582}"
EndProject
Project("{8BC9CEB8-8B4A-11D0-8D11-00A0C91BC942}") = "gtest", "gtest\gtest.vcxproj", "{B1CA4596-3B3C-4ECF-BDFD-26358BDB052E}"
EndProject
Global
	GlobalSection(Performance) = preSolution
		HasPerformanceSessions = true
	EndGlobalSection
	GlobalSection(SolutionConfigurationPlatforms) = preSolution
		Debug|ARM = Debug|ARM
		Debug|ARM64 = Debug|ARM64
		Debug|x64 = Debug|x64
		Debug|x86 = Debug|x86
		Release|ARM = Release|ARM
		Release|ARM64 = Release|ARM64
		Release|x64 = Release|x64
		Release|x86 = Release|x86
	EndGlobalSection
	GlobalSection(ProjectConfigurationPlatforms) = postSolution
		{96C971AB-418F-477D-A253-8C80D91F2D18}.Debug|ARM.ActiveCfg = Debug|Win32
		{96C971AB-418F-477D-A253-8C80D91F2D18}.Debug|ARM64.ActiveCfg = Debug|Win32
		{96C971AB-418F-477D-A253-8C80D91F2D18}.Debug|x64.ActiveCfg = Debug|x64
		{96C971AB-418F-477D-A253-8C80D91F2D18}.Debug|x64.Build.0 = Debug|x64
		{96C971AB-418F-477D-A253-8C80D91F2D18}.Debug|x86.ActiveCfg = Debug|Win32
		{96C971AB-418F-477D-A253-8C80D91F2D18}.Debug|x86.Build.0 = Debug|Win32
		{96C971AB-418F-477D-A253-8C80D91F2D18}.Release|ARM.ActiveCfg = Release|Win32
		{96C971AB-418F-477D-A253-8C80D91F2D18}.Release|ARM64.ActiveCfg = Release|Win32
		{96C971AB-418F-477D-A253-8C80D91F2D18}.Release|x64.ActiveCfg = Release|x64
		{96C971AB-418F-477D-A253-8C80D91F2D18}.Release|x64.Build.0 = Release|x64
		{96C971AB-418F-477D-A253-8C80D91F2D18}.Release|x86.ActiveCfg = Release|Win32
		{96C971AB-418F-477D-A253-8C80D91F2D18}.Release|x86.Build.0 = Release|Win32
		{895CE3E3-F547-4287-BD3B-903986A52A5F}.Debug|ARM.ActiveCfg = Debug|Win32
		{895CE3E3-F547-4287-BD3B-903986A52A5F}.Debug|ARM64.ActiveCfg = Debug|Win32
		{895CE3E3-F547-4287-BD3B-903986A52A5F}.Debug|x64.ActiveCfg = Debug|x64
		{895CE3E3-F547-4287-BD3B-903986A52A5F}.Debug|x64.Build.0 = Debug|x64
		{895CE3E3-F547-4287-BD3B-903986A52A5F}.Debug|x86.ActiveCfg = Debug|Win32
		{895CE3E3-F547-4287-BD3B-903986A52A5F}.Debug|x86.Build.0 = Debug|Win32
		{895CE3E3-F547-4287-BD3B-903986A52A5F}.Release|ARM.ActiveCfg = Release|Win32
		{895CE3E3-F547-4287-BD3B-903986A52A5F}.Release|ARM64.ActiveCfg = Release|Win32
		{895CE3E3-F547-4287-BD3B-903986A52A5F}.Release|x64.ActiveCfg = Release|x64
		{895CE3E3-F547-4287-BD3B-903986A52A5F}.Release|x64.Build.0 = Release|x64
		{895CE3E3-F547-4287-BD3B-903986A52A5F}.Release|x86.ActiveCfg = Release|Win32
		{895CE3E3-F547-4287-BD3B-903986A52A5F}.Release|x86.Build.0 = Release|Win32
		{2BB0BE68-76A3-472B-841D-9B4B2AC2523E}.Debug|ARM.ActiveCfg = Debug|Win32
		{2BB0BE68-76A3-472B-841D-9B4B2AC2523E}.Debug|ARM64.ActiveCfg = Debug|Win32
		{2BB0BE68-76A3-472B-841D-9B4B2AC2523E}.Debug|x64.ActiveCfg = Debug|x64
		{2BB0BE68-76A3-472B-841D-9B4B2AC2523E}.Debug|x64.Build.0 = Debug|x64
		{2BB0BE68-76A3-472B-841D-9B4B2AC2523E}.Debug|x86.ActiveCfg = Debug|Win32
		{2BB0BE68-76A3-472B-841D-9B4B2AC2523E}.Debug|x86.Build.0 = Debug|Win32
		{2BB0BE68-76A3-472B-841D-9B4B2AC2523E}.Release|ARM.ActiveCfg = Release|Win32
		{2BB0BE68-76A3-472B-841D-9B4B2AC2523E}.Release|ARM64.ActiveCfg = Release|Win32
		{2BB0BE68-76A3-472B-841D-9B4B2AC2523E}.Release|x64.ActiveCfg = Release|x64
		{2BB0BE68-76A3-472B-841D-9B4B2AC2523E}.Release|x64.Build.0 = Release|x64
		{2BB0BE68-76A3-472B-841D-9B4B2AC2523E}.Release|x86.ActiveCfg = Release|Win32
		{2BB0BE68-76A3-472B-841D-9B4B2AC2523E}.Release|x86.Build.0 = Release|Win32
		{4D1BFF4D-D55A-4478-89C9-758563AEDFC9}.Debug|ARM.ActiveCfg = Debug|Win32
		{4D1BFF4D-D55A-4478-89C9-758563AEDFC9}.Debug|ARM64.ActiveCfg = Debug|Win32
		{4D1BFF4D-D55A-4478-89C9-758563AEDFC9}.Debug|x64.ActiveCfg = Debug|x64
		{4D1BFF4D-D55A-4478-89C9-758563AEDFC9}.Debug|x64.Build.0 = Debug|x64
		{4D1BFF4D-D55A-4478-89C9-758563AEDFC9}.Debug|x86.ActiveCfg = Debug|Win32
		{4D1BFF4D-D55A-4478-89C9-758563AEDFC9}.Debug|x86.Build.0 = Debug|Win32
		{4D1BFF4D-D55A-4478-89C9-758563AEDFC9}.Release|ARM.ActiveCfg = Release|Win32
		{4D1BFF4D-D55A-4478-89C9-758563AEDFC9}.Release|ARM64.ActiveCfg = Release|Win32
		{4D1BFF4D-D55A-4478-89C9-758563AEDFC9}.Release|x64.ActiveCfg = Release|x64
		{4D1BFF4D-D55A-4478-89C9-758563AEDFC9}.Release|x64.Build.0 = Release|x64
		{4D1BFF4D-D55A-4478-89C9-758563AEDFC9}.Release|x86.ActiveCfg = Release|Win32
		{4D1BFF4D-D55A-4478-89C9-758563AEDFC9}.Release|x86.Build.0 = Release|Win32
		{8058BDCA-E131-4C59-B359-C0F5AEA1D34C}.Debug|ARM.ActiveCfg = Debug|Win32
		{8058BDCA-E131-4C59-B359-C0F5AEA1D34C}.Debug|ARM64.ActiveCfg = Debug|Win32
		{8058BDCA-E131-4C59-B359-C0F5AEA1D34C}.Debug|x64.ActiveCfg = Debug|x64
		{8058BDCA-E131-4C59-B359-C0F5AEA1D34C}.Debug|x64.Build.0 = Debug|x64
		{8058BDCA-E131-4C59-B359-C0F5AEA1D34C}.Debug|x86.ActiveCfg = Debug|Win32
		{8058BDCA-E131-4C59-B359-C0F5AEA1D34C}.Debug|x86.Build.0 = Debug|Win32
		{8058BDCA-E131-4C59-B359-C0F5AEA1D34C}.Release|ARM.ActiveCfg = Release|Win32
		{8058BDCA-E131-4C59-B359-C0F5AEA1D34C}.Release|ARM64.ActiveCfg = Release|Win32
		{8058BDCA-E131-4C59-B359-C0F5AEA1D34C}.Release|x64.ActiveCfg = Release|x64
		{8058BDCA-E131-4C59-B359-C0F5AEA1D34C}.Release|x64.Build.0 = Release|x64
		{8058BDCA-E131-4C59-B359-C0F5AEA1D34C}.Release|x86.ActiveCfg = Release|Win32
		{8058BDCA-E131-4C59-B359-C0F5AEA1D34C}.Release|x86.Build.0 = Release|Win32
		{C9C887B5-321C-4510-A51C-D5F18A8A652C}.Debug|ARM.ActiveCfg = Debug|Win32
		{C9C887B5-321C-4510-A51C-D5F18A8A652C}.Debug|ARM64.ActiveCfg = Debug|Win32
		{C9C887B5-321C-4510-A51C-D5F18A8A652C}.Debug|x64.ActiveCfg = Debug|x64
		{C9C887B5-321C-4510-A51C-D5F18A8A652C}.Debug|x64.Build.0 = Debug|x64
		{C9C887B5-321C-4510-A51C-D5F18A8A652C}.Debug|x86.ActiveCfg = Debug|Win32
		{C9C887B5-321C-4510-A51C-D5F18A8A652C}.Debug|x86.Build.0 = Debug|Win32
		{C9C887B5-321C-4510-A51C-D5F18A8A652C}.Release|ARM.ActiveCfg = Release|Win32
		{C9C887B5-321C-4510-A51C-D5F18A8A652C}.Release|ARM64.ActiveCfg = Release|Win32
		{C9C887B5-321C-4510-A51C-D5F18A8A652C}.Release|x64.ActiveCfg = Release|x64
		{C9C887B5-321C-4510-A51C-D5F18A8A652C}.Release|x64.Build.0 = Release|x64
		{C9C887B5-321C-4510-A51C-D5F18A8A652C}.Release|x86.ActiveCfg = Release|Win32
		{C9C887B5-321C-4510-A51C-D5F18A8A652C}.Release|x86.Build.0 = Release|Win32
		{978592A7-3BBA-414E-A099-80ADB719FA29}.Debug|ARM.ActiveCfg = Debug|Win32
		{978592A7-3BBA-414E-A099-80ADB719FA29}.Debug|ARM64.ActiveCfg = Debug|Win32
		{978592A7-3BBA-414E-A099-80ADB719FA29}.Debug|x64.ActiveCfg = Debug|x64
		{978592A7-3BBA-414E-A099-80ADB719FA29}.Debug|x64.Build.0 = Debug|x64
		{978592A7-3BBA-414E-A099-80ADB719FA29}.Debug|x86.ActiveCfg = Debug|Win32
		{978592A7-3BBA-414E-A099-80ADB719FA29}.Debug|x86.Build.0 = Debug|Win32
		{978592A7-3BBA-414E-A099-80ADB719FA29}.Release|ARM.ActiveCfg = Release|Win32
		{978592A7-3BBA-414E-A099-80ADB719FA29}.Release|ARM64.ActiveCfg = Release|Win32
		{978592A7-3BBA-414E-A099-80ADB719FA29}.Release|x64.ActiveCfg = Release|x64
		{978592A7-3BBA-414E-A099-80ADB719FA29}.Release|x64.Build.0 = Release|x64
		{978592A7-3BBA-414E-A099-80ADB719FA29}.Release|x86.ActiveCfg = Release|Win32
		{978592A7-3BBA-414E-A099-80ADB719FA29}.Release|x86.Build.0 = Release|Win32
		{AFD0DA77-B8E5-4033-AF2B-21106F8CB08B}.Debug|ARM.ActiveCfg = Debug|Win32
		{AFD0DA77-B8E5-4033-AF2B-21106F8CB08B}.Debug|ARM64.ActiveCfg = Debug|Win32
		{AFD0DA77-B8E5-4033-AF2B-21106F8CB08B}.Debug|x64.ActiveCfg = Debug|x64
		{AFD0DA77-B8E5-4033-AF2B-21106F8CB08B}.Debug|x64.Build.0 = Debug|x64
		{AFD0DA77-B8E5-4033-AF2B-21106F8CB08B}.Debug|x86.ActiveCfg = Debug|Win32
		{AFD0DA77-B8E5-4033-AF2B-21106F8CB08B}.Debug|x86.Build.0 = Debug|Win32
		{AFD0DA77-B8E5-4033-AF2B-21106F8CB08B}.Release|ARM.ActiveCfg = Release|Win32
		{AFD0DA77-B8E5-4033-AF2B-21106F8CB08B}.Release|ARM64.ActiveCfg = Release|Win32
		{AFD0DA77-B8E5-4033-AF2B-21106F8CB08B}.Release|x64.ActiveCfg = Release|x64
		{AFD0DA77-B8E5-4033-AF2B-21106F8CB08B}.Release|x64.Build.0 = Release|x64
		{AFD0DA77-B8E5-4033-AF2B-21106F8CB08B}.Release|x86.ActiveCfg = Release|Win32
		{AFD0DA77-B8E5-4033-AF2B-21106F8CB08B}.Release|x86.Build.0 = Release|Win32
		{23AB91B3-3B5C-4E02-BF99-EF277989D582}.Debug|ARM.ActiveCfg = Debug|ARM
		{23AB91B3-3B5C-4E02-BF99-EF277989D582}.Debug|ARM.Build.0 = Debug|ARM
		{23AB91B3-3B5C-4E02-BF99-EF277989D582}.Debug|ARM.Deploy.0 = Debug|ARM
		{23AB91B3-3B5C-4E02-BF99-EF277989D582}.Debug|ARM64.ActiveCfg = Debug|ARM64
		{23AB91B3-3B5C-4E02-BF99-EF277989D582}.Debug|ARM64.Build.0 = Debug|ARM64
		{23AB91B3-3B5C-4E02-BF99-EF277989D582}.Debug|ARM64.Deploy.0 = Debug|ARM64
		{23AB91B3-3B5C-4E02-BF99-EF277989D582}.Debug|x64.ActiveCfg = Debug|x64
		{23AB91B3-3B5C-4E02-BF99-EF277989D582}.Debug|x64.Build.0 = Debug|x64
		{23AB91B3-3B5C-4E02-BF99-EF277989D582}.Debug|x64.Deploy.0 = Debug|x64
		{23AB91B3-3B5C-4E02-BF99-EF277989D582}.Debug|x86.ActiveCfg = Debug|Win32
		{23AB91B3-3B5C-4E02-BF99-EF277989D582}.Debug|x86.Build.0 = Debug|Win32
		{23AB91B3-3B5C-4E02-BF99-EF277989D582}.Debug|x86.Deploy.0 = Debug|Win32
		{23AB91B3-3B5C-4E02-BF99-EF277989D582}.Release|ARM.ActiveCfg = Release|ARM
		{23AB91B3-3B5C-4E02-BF99-EF277989D582}.Release|ARM.Build.0 = Release|ARM
		{23AB91B3-3B5C-4E02-BF99-EF277989D582}.Release|ARM.Deploy.0 = Release|ARM
		{23AB91B3-3B5C-4E02-BF99-EF277989D582}.Release|ARM64.ActiveCfg = Release|ARM64
		{23AB91B3-3B5C-4E02-BF99-EF277989D582}.Release|ARM64.Build.0 = Release|ARM64
		{23AB91B3-3B5C-4E02-BF99-EF277989D582}.Release|ARM64.Deploy.0 = Release|ARM64
		{23AB91B3-3B5C-4E02-BF99-EF277989D582}.Release|x64.ActiveCfg = Release|x64
		{23AB91B3-3B5C-4E02-BF99-EF277989D582}.Release|x64.Build.0 = Release|x64
		{23AB91B3-3B5C-4E02-BF99-EF277989D582}.Release|x64.Deploy.0 = Release|x64
		{23AB91B3-3B5C-4E02-BF99-EF277989D582}.Release|x86.ActiveCfg = Release|Win32
		{23AB91B3-3B5C-4E02-BF99-EF277989D582}.Release|x86.Build.0 = Release|Win32
		{23AB91B3-3B5C-4E02-BF99-EF277989D582}.Release|x86.Deploy.0 = Release|Win32
		{B1CA4596-3B3C-4ECF-BDFD-26358BDB052E}.Debug|ARM.ActiveCfg = Debug|Win32
		{B1CA4596-3B3C-4ECF-BDFD-26358BDB052E}.Debug|ARM64.ActiveCfg = Debug|Win32
		{B1CA4596-3B3C-4ECF-BDFD-26358BDB052E}.Debug|x64.ActiveCfg = Debug|x64
		{B1CA4596-3B3C-4ECF-BDFD-26358BDB052E}.Debug|x64.Build.0 = Debug|x64
		{B1CA4596-3B3C-4ECF-BDFD-26358BDB052E}.Debug|x86.ActiveCfg = Debug|Win32
		{B1CA4596-3B3C-4ECF-BDFD-26358BDB052E}.Debug|x86.Build.0 = Debug|Win32
		{B1CA4596-3B3C-4ECF-BDFD-26358BDB052E}.Release|ARM.ActiveCfg = Release|Win32
		{B1CA4596-3B3C-4ECF-BDFD-26358BDB052E}.Release|ARM64.ActiveCfg = Release|Win32
		{B1CA4596-3B3C-4ECF-BDFD-26358BDB052E}.Release|x64.ActiveCfg = Release|x64
		{B1CA4596-3B3C-4ECF-BDFD-26358BDB052E}.Release|x64.Build.0 = Release|x64
		{B1CA4596-3B3C-4ECF-BDFD-26358BDB052E}.Release|x86.ActiveCfg = Release|Win32
		{B1CA4596-3B3C-4ECF-BDFD-26358BDB052E}.Release|x86.Build.0 = Release|Win32
	EndGlobalSection
	GlobalSection(SolutionProperties) = preSolution
		HideSolutionNode = FALSE
	EndGlobalSection
EndGlobal
